
Microsoft Visual Studio Solution File, Format Version 12.00
# Visual Studio 15
VisualStudioVersion = 15.0.28010.2046
MinimumVisualStudioVersion = 10.0.40219.1
Project("{FAE04EC0-301F-11D3-BF4B-00C04F79EFBC}") = "ProjectVIS", "ProjectVIS\ProjectVIS.csproj", "{04177BE5-3528-4C91-BA7C-A802CE28493D}"
EndProject
Project("{FAE04EC0-301F-11D3-BF4B-00C04F79EFBC}") = "MVCWeb", "MVCWeb\MVCWeb.csproj", "{8ECE203D-2F61-48B1-ACEA-F0F30007F767}"
EndProject
Global
	GlobalSection(SolutionConfigurationPlatforms) = preSolution
		Debug|Any CPU = Debug|Any CPU
		Release|Any CPU = Release|Any CPU
	EndGlobalSection
	GlobalSection(ProjectConfigurationPlatforms) = postSolution
		{04177BE5-3528-4C91-BA7C-A802CE28493D}.Debug|Any CPU.ActiveCfg = Debug|Any CPU
		{04177BE5-3528-4C91-BA7C-A802CE28493D}.Debug|Any CPU.Build.0 = Debug|Any CPU
		{04177BE5-3528-4C91-BA7C-A802CE28493D}.Release|Any CPU.ActiveCfg = Release|Any CPU
		{04177BE5-3528-4C91-BA7C-A802CE28493D}.Release|Any CPU.Build.0 = Release|Any CPU
		{8ECE203D-2F61-48B1-ACEA-F0F30007F767}.Debug|Any CPU.ActiveCfg = Debug|Any CPU
		{8ECE203D-2F61-48B1-ACEA-F0F30007F767}.Debug|Any CPU.Build.0 = Debug|Any CPU
		{8ECE203D-2F61-48B1-ACEA-F0F30007F767}.Release|Any CPU.ActiveCfg = Release|Any CPU
		{8ECE203D-2F61-48B1-ACEA-F0F30007F767}.Release|Any CPU.Build.0 = Release|Any CPU
	EndGlobalSection
	GlobalSection(SolutionProperties) = preSolution
		HideSolutionNode = FALSE
	EndGlobalSection
	GlobalSection(ExtensibilityGlobals) = postSolution
		SolutionGuid = {748A5074-639E-4C08-8F3B-BFE7D44CC241}
	EndGlobalSection
EndGlobal
